
Microsoft Visual Studio Solution File, Format Version 12.00
# Visual Studio 2012
Project("{FAE04EC0-301F-11D3-BF4B-00C04F79EFBC}") = "FastSerialization", "FastSerialization.csproj", "{E6EACF92-F22D-47DC-8EEB-9BBC4DF1E4D5}"
EndProject
Global
	GlobalSection(TeamFoundationVersionControl) = preSolution
		SccNumberOfProjects = 1
		SccEnterpriseProvider = {4CA58AB2-18FA-4F8D-95D4-32DDF27D184C}
		SccTeamFoundationServer = http://vstfdevdiv:8080/devdiv2
		SccProjectUniqueName0 = FastSerialization.csproj
		SccProjectName0 = .
		SccAuxPath0 = http://vstfdevdiv:8080/devdiv2
		SccLocalPath0 = .
		SccProvider0 = {4CA58AB2-18FA-4F8D-95D4-32DDF27D184C}
	EndGlobalSection
	GlobalSection(SolutionConfigurationPlatforms) = preSolution
		Debug|Any CPU = Debug|Any CPU
		Debug|x86 = Debug|x86
		Release|Any CPU = Release|Any CPU
		Release|x86 = Release|x86
	EndGlobalSection
	GlobalSection(ProjectConfigurationPlatforms) = postSolution
		{E6EACF92-F22D-47DC-8EEB-9BBC4DF1E4D5}.Debug|Any CPU.ActiveCfg = Debug|Any CPU
		{E6EACF92-F22D-47DC-8EEB-9BBC4DF1E4D5}.Debug|Any CPU.Build.0 = Debug|Any CPU
		{E6EACF92-F22D-47DC-8EEB-9BBC4DF1E4D5}.Debug|x86.ActiveCfg = Debug|Any CPU
		{E6EACF92-F22D-47DC-8EEB-9BBC4DF1E4D5}.Release|Any CPU.ActiveCfg = Release|Any CPU
		{E6EACF92-F22D-47DC-8EEB-9BBC4DF1E4D5}.Release|Any CPU.Build.0 = Release|Any CPU
		{E6EACF92-F22D-47DC-8EEB-9BBC4DF1E4D5}.Release|x86.ActiveCfg = Release|Any CPU
	EndGlobalSection
	GlobalSection(SolutionProperties) = preSolution
		HideSolutionNode = FALSE
	EndGlobalSection
EndGlobal
