
Microsoft Visual Studio Solution File, Format Version 11.00
# Visual Studio 2010
Project("{FAE04EC0-301F-11D3-BF4B-00C04F79EFBC}") = "Zip", "Zip.csproj", "{6FA47D21-6B1C-40E1-AD6B-D9139FA4123B}"
EndProject
Global
	GlobalSection(SolutionConfigurationPlatforms) = preSolution
		Debug|Any CPU = Debug|Any CPU
		Release|Any CPU = Release|Any CPU
	EndGlobalSection
	GlobalSection(ProjectConfigurationPlatforms) = postSolution
		{6FA47D21-6B1C-40E1-AD6B-D9139FA4123B}.Debug|Any CPU.ActiveCfg = Debug|Any CPU
		{6FA47D21-6B1C-40E1-AD6B-D9139FA4123B}.Debug|Any CPU.Build.0 = Debug|Any CPU
		{6FA47D21-6B1C-40E1-AD6B-D9139FA4123B}.Release|Any CPU.ActiveCfg = Release|Any CPU
		{6FA47D21-6B1C-40E1-AD6B-D9139FA4123B}.Release|Any CPU.Build.0 = Release|Any CPU
	EndGlobalSection
	GlobalSection(SolutionProperties) = preSolution
		HideSolutionNode = FALSE
	EndGlobalSection
EndGlobal
