
Microsoft Visual Studio Solution File, Format Version 12.00
# Visual Studio Version 16
VisualStudioVersion = 16.0.28413.3000
MinimumVisualStudioVersion = 10.0.40219.1
Project("{9A19103F-16F7-4668-BE54-9A1E7A4F7556}") = "HeapDumpDLL", "HeapDumpDLL.csproj", "{53412CD1-498A-4660-A75F-EC1E9352A677}"
	ProjectSection(ProjectDependencies) = postProject
		{C702F62E-93CC-470B-96EB-B77340A8ADEE} = {C702F62E-93CC-470B-96EB-B77340A8ADEE}
	EndProjectSection
EndProject
Project("{9A19103F-16F7-4668-BE54-9A1E7A4F7556}") = "FastSerialization", "..\FastSerialization\FastSerialization.csproj", "{C702F62E-93CC-470B-96EB-B77340A8ADEE}"
EndProject
Project("{9A19103F-16F7-4668-BE54-9A1E7A4F7556}") = "MemoryGraph", "..\MemoryGraph\MemoryGraph.csproj", "{9A333C74-D674-47D4-9C78-F579922591E4}"
EndProject
Project("{9A19103F-16F7-4668-BE54-9A1E7A4F7556}") = "Utilities", "..\Utilities\Utilities.csproj", "{C8DE4C0B-038D-4793-B115-078ED342D4E6}"
EndProject
Project("{9A19103F-16F7-4668-BE54-9A1E7A4F7556}") = "TraceEvent", "..\TraceEvent\TraceEvent.csproj", "{5E8A3192-1566-403C-B9FA-F3D64EF1760A}"
EndProject
Global
	GlobalSection(SolutionConfigurationPlatforms) = preSolution
		Debug|Any CPU = Debug|Any CPU
		Release|Any CPU = Release|Any CPU
	EndGlobalSection
	GlobalSection(ProjectConfigurationPlatforms) = postSolution
		{53412CD1-498A-4660-A75F-EC1E9352A677}.Debug|Any CPU.ActiveCfg = Debug|Any CPU
		{53412CD1-498A-4660-A75F-EC1E9352A677}.Debug|Any CPU.Build.0 = Debug|Any CPU
		{53412CD1-498A-4660-A75F-EC1E9352A677}.Release|Any CPU.ActiveCfg = Release|Any CPU
		{53412CD1-498A-4660-A75F-EC1E9352A677}.Release|Any CPU.Build.0 = Release|Any CPU
		{C702F62E-93CC-470B-96EB-B77340A8ADEE}.Debug|Any CPU.ActiveCfg = Debug|Any CPU
		{C702F62E-93CC-470B-96EB-B77340A8ADEE}.Debug|Any CPU.Build.0 = Debug|Any CPU
		{C702F62E-93CC-470B-96EB-B77340A8ADEE}.Release|Any CPU.ActiveCfg = Release|Any CPU
		{C702F62E-93CC-470B-96EB-B77340A8ADEE}.Release|Any CPU.Build.0 = Release|Any CPU
		{9A333C74-D674-47D4-9C78-F579922591E4}.Debug|Any CPU.ActiveCfg = Debug|Any CPU
		{9A333C74-D674-47D4-9C78-F579922591E4}.Debug|Any CPU.Build.0 = Debug|Any CPU
		{9A333C74-D674-47D4-9C78-F579922591E4}.Release|Any CPU.ActiveCfg = Release|Any CPU
		{9A333C74-D674-47D4-9C78-F579922591E4}.Release|Any CPU.Build.0 = Release|Any CPU
		{C8DE4C0B-038D-4793-B115-078ED342D4E6}.Debug|Any CPU.ActiveCfg = Debug|Any CPU
		{C8DE4C0B-038D-4793-B115-078ED342D4E6}.Debug|Any CPU.Build.0 = Debug|Any CPU
		{C8DE4C0B-038D-4793-B115-078ED342D4E6}.Release|Any CPU.ActiveCfg = Release|Any CPU
		{C8DE4C0B-038D-4793-B115-078ED342D4E6}.Release|Any CPU.Build.0 = Release|Any CPU
		{5E8A3192-1566-403C-B9FA-F3D64EF1760A}.Debug|Any CPU.ActiveCfg = Debug|Any CPU
		{5E8A3192-1566-403C-B9FA-F3D64EF1760A}.Debug|Any CPU.Build.0 = Debug|Any CPU
		{5E8A3192-1566-403C-B9FA-F3D64EF1760A}.Release|Any CPU.ActiveCfg = Release|Any CPU
		{5E8A3192-1566-403C-B9FA-F3D64EF1760A}.Release|Any CPU.Build.0 = Release|Any CPU
	EndGlobalSection
	GlobalSection(SolutionProperties) = preSolution
		HideSolutionNode = FALSE
	EndGlobalSection
	GlobalSection(ExtensibilityGlobals) = postSolution
		SolutionGuid = {E76A7B65-B249-4B1F-B702-F11DF81EF39B}
	EndGlobalSection
EndGlobal
