
Microsoft Visual Studio Solution File, Format Version 12.00
# Visual Studio Version 16
VisualStudioVersion = 16.0.29613.14
MinimumVisualStudioVersion = 10.0.40219.1
Project("{9A19103F-16F7-4668-BE54-9A1E7A4F7556}") = "PerfViewJS", "PerfViewJS.csproj", "{A2AECB8A-B4F5-4006-A5D2-D10B25B10FF8}"
EndProject
Project("{9A19103F-16F7-4668-BE54-9A1E7A4F7556}") = "TraceEvent", "..\TraceEvent\TraceEvent.csproj", "{69F81695-89EF-4B75-A687-232DE132A3B2}"
EndProject
Global
	GlobalSection(SolutionConfigurationPlatforms) = preSolution
		Debug|Any CPU = Debug|Any CPU
		Release|Any CPU = Release|Any CPU
	EndGlobalSection
	GlobalSection(ProjectConfigurationPlatforms) = postSolution
		{A2AECB8A-B4F5-4006-A5D2-D10B25B10FF8}.Debug|Any CPU.ActiveCfg = Debug|Any CPU
		{A2AECB8A-B4F5-4006-A5D2-D10B25B10FF8}.Debug|Any CPU.Build.0 = Debug|Any CPU
		{A2AECB8A-B4F5-4006-A5D2-D10B25B10FF8}.Release|Any CPU.ActiveCfg = Release|Any CPU
		{A2AECB8A-B4F5-4006-A5D2-D10B25B10FF8}.Release|Any CPU.Build.0 = Release|Any CPU
		{69F81695-89EF-4B75-A687-232DE132A3B2}.Debug|Any CPU.ActiveCfg = Debug|Any CPU
		{69F81695-89EF-4B75-A687-232DE132A3B2}.Debug|Any CPU.Build.0 = Debug|Any CPU
		{69F81695-89EF-4B75-A687-232DE132A3B2}.Release|Any CPU.ActiveCfg = Release|Any CPU
		{69F81695-89EF-4B75-A687-232DE132A3B2}.Release|Any CPU.Build.0 = Release|Any CPU
	EndGlobalSection
	GlobalSection(SolutionProperties) = preSolution
		HideSolutionNode = FALSE
	EndGlobalSection
	GlobalSection(ExtensibilityGlobals) = postSolution
		SolutionGuid = {AB447D21-8260-4F5F-9410-293E8C801802}
	EndGlobalSection
EndGlobal
