
Microsoft Visual Studio Solution File, Format Version 12.00
# Visual Studio 12
Project("{FAE04EC0-301F-11D3-BF4B-00C04F79EFBC}") = "HeapDumpX86", "HeapDumpX86.csproj", "{80345889-A13D-4F2D-A096-98B95C55BF45}"
EndProject
Project("{FAE04EC0-301F-11D3-BF4B-00C04F79EFBC}") = "TraceEvent", "..\traceEvent\TraceEvent.csproj", "{B68F4968-A7CF-41CC-AD6E-373DB5E67944}"
EndProject
Project("{FAE04EC0-301F-11D3-BF4B-00C04F79EFBC}") = "HeapDumpX64", "HeapDumpX64.csproj", "{31850F14-F02B-4A7D-9779-CF583FD8F739}"
EndProject
Global
	GlobalSection(TeamFoundationVersionControl) = preSolution
		SccNumberOfProjects = 3
		SccEnterpriseProvider = {4CA58AB2-18FA-4F8D-95D4-32DDF27D184C}
		SccTeamFoundationServer = http://vstfdevdiv:8080/devdiv2
		SccProjectUniqueName0 = HeapDumpX86.csproj
		SccProjectName0 = .
		SccAuxPath0 = http://vstfdevdiv:8080/devdiv2
		SccLocalPath0 = .
		SccProvider0 = {4CA58AB2-18FA-4F8D-95D4-32DDF27D184C}
		SccProjectUniqueName1 = ..\\traceEvent\\TraceEvent.csproj
		SccProjectName1 = ../traceEvent
		SccAuxPath1 = http://vstfdevdiv:8080/devdiv2
		SccLocalPath1 = ..\\traceEvent
		SccProvider1 = {4CA58AB2-18FA-4F8D-95D4-32DDF27D184C}
		SccProjectUniqueName2 = HeapDumpX64.csproj
		SccProjectName2 = .
		SccAuxPath2 = http://vstfdevdiv:8080/devdiv2
		SccLocalPath2 = .
		SccProvider2 = {4CA58AB2-18FA-4F8D-95D4-32DDF27D184C}
	EndGlobalSection
	GlobalSection(SolutionConfigurationPlatforms) = preSolution
		Debug|Any CPU = Debug|Any CPU
		Debug|Mixed Platforms = Debug|Mixed Platforms
		Debug|x64 = Debug|x64
		Debug|x86 = Debug|x86
		Release|Any CPU = Release|Any CPU
		Release|Mixed Platforms = Release|Mixed Platforms
		Release|x64 = Release|x64
		Release|x86 = Release|x86
	EndGlobalSection
	GlobalSection(ProjectConfigurationPlatforms) = postSolution
		{80345889-A13D-4F2D-A096-98B95C55BF45}.Debug|Any CPU.ActiveCfg = Debug|x86
		{80345889-A13D-4F2D-A096-98B95C55BF45}.Debug|Mixed Platforms.ActiveCfg = Debug|x86
		{80345889-A13D-4F2D-A096-98B95C55BF45}.Debug|Mixed Platforms.Build.0 = Debug|x86
		{80345889-A13D-4F2D-A096-98B95C55BF45}.Debug|x64.ActiveCfg = Debug|x64
		{80345889-A13D-4F2D-A096-98B95C55BF45}.Debug|x64.Build.0 = Debug|x64
		{80345889-A13D-4F2D-A096-98B95C55BF45}.Debug|x86.ActiveCfg = Debug|x86
		{80345889-A13D-4F2D-A096-98B95C55BF45}.Debug|x86.Build.0 = Debug|x86
		{80345889-A13D-4F2D-A096-98B95C55BF45}.Release|Any CPU.ActiveCfg = Release|x86
		{80345889-A13D-4F2D-A096-98B95C55BF45}.Release|Mixed Platforms.ActiveCfg = Release|x86
		{80345889-A13D-4F2D-A096-98B95C55BF45}.Release|Mixed Platforms.Build.0 = Release|x86
		{80345889-A13D-4F2D-A096-98B95C55BF45}.Release|x64.ActiveCfg = Release|x64
		{80345889-A13D-4F2D-A096-98B95C55BF45}.Release|x64.Build.0 = Release|x64
		{80345889-A13D-4F2D-A096-98B95C55BF45}.Release|x86.ActiveCfg = Release|x86
		{80345889-A13D-4F2D-A096-98B95C55BF45}.Release|x86.Build.0 = Release|x86
		{B68F4968-A7CF-41CC-AD6E-373DB5E67944}.Debug|Any CPU.ActiveCfg = Debug|Any CPU
		{B68F4968-A7CF-41CC-AD6E-373DB5E67944}.Debug|Any CPU.Build.0 = Debug|Any CPU
		{B68F4968-A7CF-41CC-AD6E-373DB5E67944}.Debug|Mixed Platforms.ActiveCfg = Debug|Any CPU
		{B68F4968-A7CF-41CC-AD6E-373DB5E67944}.Debug|Mixed Platforms.Build.0 = Debug|Any CPU
		{B68F4968-A7CF-41CC-AD6E-373DB5E67944}.Debug|x64.ActiveCfg = Debug|Any CPU
		{B68F4968-A7CF-41CC-AD6E-373DB5E67944}.Debug|x86.ActiveCfg = Debug|Any CPU
		{B68F4968-A7CF-41CC-AD6E-373DB5E67944}.Release|Any CPU.ActiveCfg = Release|Any CPU
		{B68F4968-A7CF-41CC-AD6E-373DB5E67944}.Release|Any CPU.Build.0 = Release|Any CPU
		{B68F4968-A7CF-41CC-AD6E-373DB5E67944}.Release|Mixed Platforms.ActiveCfg = Release|Any CPU
		{B68F4968-A7CF-41CC-AD6E-373DB5E67944}.Release|Mixed Platforms.Build.0 = Release|Any CPU
		{B68F4968-A7CF-41CC-AD6E-373DB5E67944}.Release|x64.ActiveCfg = Release|Any CPU
		{B68F4968-A7CF-41CC-AD6E-373DB5E67944}.Release|x86.ActiveCfg = Release|Any CPU
		{31850F14-F02B-4A7D-9779-CF583FD8F739}.Debug|Any CPU.ActiveCfg = Debug|x86
		{31850F14-F02B-4A7D-9779-CF583FD8F739}.Debug|Mixed Platforms.ActiveCfg = Debug|x86
		{31850F14-F02B-4A7D-9779-CF583FD8F739}.Debug|Mixed Platforms.Build.0 = Debug|x86
		{31850F14-F02B-4A7D-9779-CF583FD8F739}.Debug|x64.ActiveCfg = Debug|x64
		{31850F14-F02B-4A7D-9779-CF583FD8F739}.Debug|x64.Build.0 = Debug|x64
		{31850F14-F02B-4A7D-9779-CF583FD8F739}.Debug|x86.ActiveCfg = Debug|x86
		{31850F14-F02B-4A7D-9779-CF583FD8F739}.Debug|x86.Build.0 = Debug|x86
		{31850F14-F02B-4A7D-9779-CF583FD8F739}.Release|Any CPU.ActiveCfg = Release|x86
		{31850F14-F02B-4A7D-9779-CF583FD8F739}.Release|Mixed Platforms.ActiveCfg = Release|x86
		{31850F14-F02B-4A7D-9779-CF583FD8F739}.Release|Mixed Platforms.Build.0 = Release|x86
		{31850F14-F02B-4A7D-9779-CF583FD8F739}.Release|x64.ActiveCfg = Release|x64
		{31850F14-F02B-4A7D-9779-CF583FD8F739}.Release|x64.Build.0 = Release|x64
		{31850F14-F02B-4A7D-9779-CF583FD8F739}.Release|x86.ActiveCfg = Release|x86
		{31850F14-F02B-4A7D-9779-CF583FD8F739}.Release|x86.Build.0 = Release|x86
	EndGlobalSection
	GlobalSection(SolutionProperties) = preSolution
		HideSolutionNode = FALSE
	EndGlobalSection
EndGlobal
