
Microsoft Visual Studio Solution File, Format Version 12.00
# Visual Studio 2012
Project("{FAE04EC0-301F-11D3-BF4B-00C04F79EFBC}") = "HeapDumpX86", "HeapDumpX86.csproj", "{80345889-A13D-4F2D-A096-98B95C55BF45}"
EndProject
Global
	GlobalSection(TeamFoundationVersionControl) = preSolution
		SccNumberOfProjects = 1
		SccEnterpriseProvider = {4CA58AB2-18FA-4F8D-95D4-32DDF27D184C}
		SccTeamFoundationServer = http://vstfdevdiv:8080/devdiv2
		SccProjectUniqueName0 = HeapDumpX86.csproj
		SccProjectName0 = .
		SccAuxPath0 = http://vstfdevdiv:8080/devdiv2
		SccLocalPath0 = .
		SccProvider0 = {4CA58AB2-18FA-4F8D-95D4-32DDF27D184C}
	EndGlobalSection
	GlobalSection(SolutionConfigurationPlatforms) = preSolution
		Debug|x64 = Debug|x64
		Debug|x86 = Debug|x86
		Release|x64 = Release|x64
		Release|x86 = Release|x86
	EndGlobalSection
	GlobalSection(ProjectConfigurationPlatforms) = postSolution
		{80345889-A13D-4F2D-A096-98B95C55BF45}.Debug|x64.ActiveCfg = Debug|x64
		{80345889-A13D-4F2D-A096-98B95C55BF45}.Debug|x64.Build.0 = Debug|x64
		{80345889-A13D-4F2D-A096-98B95C55BF45}.Debug|x86.ActiveCfg = Debug|x86
		{80345889-A13D-4F2D-A096-98B95C55BF45}.Debug|x86.Build.0 = Debug|x86
		{80345889-A13D-4F2D-A096-98B95C55BF45}.Release|x64.ActiveCfg = Release|x64
		{80345889-A13D-4F2D-A096-98B95C55BF45}.Release|x64.Build.0 = Release|x64
		{80345889-A13D-4F2D-A096-98B95C55BF45}.Release|x86.ActiveCfg = Release|x86
		{80345889-A13D-4F2D-A096-98B95C55BF45}.Release|x86.Build.0 = Release|x86
	EndGlobalSection
	GlobalSection(SolutionProperties) = preSolution
		HideSolutionNode = FALSE
	EndGlobalSection
EndGlobal
