Microsoft Visual Studio Solution File, Format Version 12.00
# Visual Studio 14
VisualStudioVersion = 14.0.25115.1
MinimumVisualStudioVersion = 10.0.40219.1
Project("{FAE04EC0-301F-11D3-BF4B-00C04F79EFBC}") = "TraceEvent", "..\traceEvent\TraceEvent.csproj", "{B68F4968-A7CF-41CC-AD6E-373DB5E67944}"
EndProject
Project("{FAE04EC0-301F-11D3-BF4B-00C04F79EFBC}") = "CSVReader", "..\CSVReader\CSVReader.csproj", "{F7D0F851-9B0D-4224-91AB-7FC12477F206}"
EndProject
Project("{FAE04EC0-301F-11D3-BF4B-00C04F79EFBC}") = "PerfView", "PerfView.csproj", "{6BAC7496-6953-41B8-9042-AAE45405A095}"
	ProjectSection(ProjectDependencies) = postProject
		{31850F14-F02B-4A7D-9779-CF583FD8F739} = {31850F14-F02B-4A7D-9779-CF583FD8F739}
		{80345889-A13D-4F2D-A096-98B95C55BF45} = {80345889-A13D-4F2D-A096-98B95C55BF45}
	EndProjectSection
EndProject
Project("{FAE04EC0-301F-11D3-BF4B-00C04F79EFBC}") = "Zip", "..\Zip\Zip.csproj", "{6FA47D21-6B1C-40E1-AD6B-D9139FA4123B}"
EndProject
Project("{2150E333-8FDC-42A3-9474-1A3956D46DE8}") = "Solution Items", "Solution Items", "{A4068F9B-607A-4531-98A8-DE9B392C2D2C}"
	ProjectSection(SolutionItems) = preProject
		Local.testsettings = Local.testsettings
		PerfView2.vsmdi = PerfView2.vsmdi
		PerfViewDataObsolete.cs = PerfViewDataObsolete.cs
	EndProjectSection
EndProject
Project("{FAE04EC0-301F-11D3-BF4B-00C04F79EFBC}") = "HeapDumpInterface", "..\HeapDumpInterface\HeapDumpInterface.csproj", "{CE854091-F55D-4AD1-AA57-49CB9B60CAC0}"
EndProject
Project("{FAE04EC0-301F-11D3-BF4B-00C04F79EFBC}") = "HeapDumpX64", "..\heapDump\HeapDumpX64.csproj", "{31850F14-F02B-4A7D-9779-CF583FD8F739}"
EndProject
Project("{FAE04EC0-301F-11D3-BF4B-00C04F79EFBC}") = "HeapDumpX86", "..\heapDump\HeapDumpX86.csproj", "{80345889-A13D-4F2D-A096-98B95C55BF45}"
EndProject
Project("{FAE04EC0-301F-11D3-BF4B-00C04F79EFBC}") = "Global", "..\perfViewExtensions\GlobalSrc\Global.csproj", "{91DFAE19-098F-4E19-B81D-6CB36A9020D6}"
	ProjectSection(ProjectDependencies) = postProject
		{6BAC7496-6953-41B8-9042-AAE45405A095} = {6BAC7496-6953-41B8-9042-AAE45405A095}
	EndProjectSection
EndProject
Project("{FAE04EC0-301F-11D3-BF4B-00C04F79EFBC}") = "FastSerialization", "..\FastSerialization\FastSerialization.csproj", "{E6EACF92-F22D-47DC-8EEB-9BBC4DF1E4D5}"
EndProject
Project("{8BC9CEB8-8B4A-11D0-8D11-00A0C91BC942}") = "ETWClrProfilerX86", "..\EtwClrProfiler\ETWClrProfilerX86.vcxproj", "{E9980619-4016-4A4A-B7CC-F8B0E483BDB8}"
EndProject
Project("{8BC9CEB8-8B4A-11D0-8D11-00A0C91BC942}") = "ETWClrProfilerX64", "..\EtwClrProfiler\ETWClrProfilerX64.vcxproj", "{E9980619-4016-4A4A-B7CC-F8B0E483BDB9}"
EndProject
Project("{FAE04EC0-301F-11D3-BF4B-00C04F79EFBC}") = "LinuxTracing.Tests", "..\LinuxEvent.Tests\LinuxTracing.Tests.csproj", "{C42873F2-D4A5-4AC7-9ADB-9CD8E1856A9B}"
EndProject
Project("{FAE04EC0-301F-11D3-BF4B-00C04F79EFBC}") = "CtfTracing.Tests", "..\CtfTracing.Tests\CtfTracing.Tests.csproj", "{B9384E1B-54B5-4A41-85BD-EBAD0577BDCD}"
EndProject
Global
	GlobalSection(SolutionConfigurationPlatforms) = preSolution
		Debug|Any CPU = Debug|Any CPU
		Debug|Mixed Platforms = Debug|Mixed Platforms
		Debug|Win32 = Debug|Win32
		Debug|x64 = Debug|x64
		Debug|x86 = Debug|x86
		Release|Any CPU = Release|Any CPU
		Release|Mixed Platforms = Release|Mixed Platforms
		Release|Win32 = Release|Win32
		Release|x64 = Release|x64
		Release|x86 = Release|x86
	EndGlobalSection
	GlobalSection(ProjectConfigurationPlatforms) = postSolution
		{B68F4968-A7CF-41CC-AD6E-373DB5E67944}.Debug|Any CPU.ActiveCfg = Debug|Any CPU
		{B68F4968-A7CF-41CC-AD6E-373DB5E67944}.Debug|Any CPU.Build.0 = Debug|Any CPU
		{B68F4968-A7CF-41CC-AD6E-373DB5E67944}.Debug|Mixed Platforms.ActiveCfg = Debug|Any CPU
		{B68F4968-A7CF-41CC-AD6E-373DB5E67944}.Debug|Mixed Platforms.Build.0 = Debug|Any CPU
		{B68F4968-A7CF-41CC-AD6E-373DB5E67944}.Debug|Win32.ActiveCfg = Debug|Any CPU
		{B68F4968-A7CF-41CC-AD6E-373DB5E67944}.Debug|x64.ActiveCfg = Debug|Any CPU
		{B68F4968-A7CF-41CC-AD6E-373DB5E67944}.Debug|x86.ActiveCfg = Debug|Any CPU
		{B68F4968-A7CF-41CC-AD6E-373DB5E67944}.Release|Any CPU.ActiveCfg = Release|Any CPU
		{B68F4968-A7CF-41CC-AD6E-373DB5E67944}.Release|Any CPU.Build.0 = Release|Any CPU
		{B68F4968-A7CF-41CC-AD6E-373DB5E67944}.Release|Mixed Platforms.ActiveCfg = Release|Any CPU
		{B68F4968-A7CF-41CC-AD6E-373DB5E67944}.Release|Mixed Platforms.Build.0 = Release|Any CPU
		{B68F4968-A7CF-41CC-AD6E-373DB5E67944}.Release|Win32.ActiveCfg = Release|Any CPU
		{B68F4968-A7CF-41CC-AD6E-373DB5E67944}.Release|x64.ActiveCfg = Release|Any CPU
		{B68F4968-A7CF-41CC-AD6E-373DB5E67944}.Release|x86.ActiveCfg = Release|Any CPU
		{F7D0F851-9B0D-4224-91AB-7FC12477F206}.Debug|Any CPU.ActiveCfg = Debug|Any CPU
		{F7D0F851-9B0D-4224-91AB-7FC12477F206}.Debug|Any CPU.Build.0 = Debug|Any CPU
		{F7D0F851-9B0D-4224-91AB-7FC12477F206}.Debug|Mixed Platforms.ActiveCfg = Debug|Any CPU
		{F7D0F851-9B0D-4224-91AB-7FC12477F206}.Debug|Mixed Platforms.Build.0 = Debug|Any CPU
		{F7D0F851-9B0D-4224-91AB-7FC12477F206}.Debug|Win32.ActiveCfg = Debug|Any CPU
		{F7D0F851-9B0D-4224-91AB-7FC12477F206}.Debug|x64.ActiveCfg = Debug|Any CPU
		{F7D0F851-9B0D-4224-91AB-7FC12477F206}.Debug|x86.ActiveCfg = Debug|Any CPU
		{F7D0F851-9B0D-4224-91AB-7FC12477F206}.Release|Any CPU.ActiveCfg = Release|Any CPU
		{F7D0F851-9B0D-4224-91AB-7FC12477F206}.Release|Any CPU.Build.0 = Release|Any CPU
		{F7D0F851-9B0D-4224-91AB-7FC12477F206}.Release|Mixed Platforms.ActiveCfg = Release|Any CPU
		{F7D0F851-9B0D-4224-91AB-7FC12477F206}.Release|Mixed Platforms.Build.0 = Release|Any CPU
		{F7D0F851-9B0D-4224-91AB-7FC12477F206}.Release|Win32.ActiveCfg = Release|Any CPU
		{F7D0F851-9B0D-4224-91AB-7FC12477F206}.Release|x64.ActiveCfg = Release|Any CPU
		{F7D0F851-9B0D-4224-91AB-7FC12477F206}.Release|x86.ActiveCfg = Release|Any CPU
		{6BAC7496-6953-41B8-9042-AAE45405A095}.Debug|Any CPU.ActiveCfg = Debug|Any CPU
		{6BAC7496-6953-41B8-9042-AAE45405A095}.Debug|Any CPU.Build.0 = Debug|Any CPU
		{6BAC7496-6953-41B8-9042-AAE45405A095}.Debug|Mixed Platforms.ActiveCfg = Debug|x86
		{6BAC7496-6953-41B8-9042-AAE45405A095}.Debug|Mixed Platforms.Build.0 = Debug|x86
		{6BAC7496-6953-41B8-9042-AAE45405A095}.Debug|Win32.ActiveCfg = Debug|x86
		{6BAC7496-6953-41B8-9042-AAE45405A095}.Debug|x64.ActiveCfg = Debug|x86
		{6BAC7496-6953-41B8-9042-AAE45405A095}.Debug|x86.ActiveCfg = Debug|x86
		{6BAC7496-6953-41B8-9042-AAE45405A095}.Debug|x86.Build.0 = Debug|x86
		{6BAC7496-6953-41B8-9042-AAE45405A095}.Release|Any CPU.ActiveCfg = Release|Any CPU
		{6BAC7496-6953-41B8-9042-AAE45405A095}.Release|Any CPU.Build.0 = Release|Any CPU
		{6BAC7496-6953-41B8-9042-AAE45405A095}.Release|Mixed Platforms.ActiveCfg = Release|x86
		{6BAC7496-6953-41B8-9042-AAE45405A095}.Release|Mixed Platforms.Build.0 = Release|x86
		{6BAC7496-6953-41B8-9042-AAE45405A095}.Release|Win32.ActiveCfg = Release|x86
		{6BAC7496-6953-41B8-9042-AAE45405A095}.Release|x64.ActiveCfg = Release|x86
		{6BAC7496-6953-41B8-9042-AAE45405A095}.Release|x86.ActiveCfg = Release|x86
		{6BAC7496-6953-41B8-9042-AAE45405A095}.Release|x86.Build.0 = Release|x86
		{6FA47D21-6B1C-40E1-AD6B-D9139FA4123B}.Debug|Any CPU.ActiveCfg = Debug|Any CPU
		{6FA47D21-6B1C-40E1-AD6B-D9139FA4123B}.Debug|Any CPU.Build.0 = Debug|Any CPU
		{6FA47D21-6B1C-40E1-AD6B-D9139FA4123B}.Debug|Mixed Platforms.ActiveCfg = Debug|Any CPU
		{6FA47D21-6B1C-40E1-AD6B-D9139FA4123B}.Debug|Mixed Platforms.Build.0 = Debug|Any CPU
		{6FA47D21-6B1C-40E1-AD6B-D9139FA4123B}.Debug|Win32.ActiveCfg = Debug|Any CPU
		{6FA47D21-6B1C-40E1-AD6B-D9139FA4123B}.Debug|x64.ActiveCfg = Debug|Any CPU
		{6FA47D21-6B1C-40E1-AD6B-D9139FA4123B}.Debug|x86.ActiveCfg = Debug|Any CPU
		{6FA47D21-6B1C-40E1-AD6B-D9139FA4123B}.Release|Any CPU.ActiveCfg = Release|Any CPU
		{6FA47D21-6B1C-40E1-AD6B-D9139FA4123B}.Release|Any CPU.Build.0 = Release|Any CPU
		{6FA47D21-6B1C-40E1-AD6B-D9139FA4123B}.Release|Mixed Platforms.ActiveCfg = Release|Any CPU
		{6FA47D21-6B1C-40E1-AD6B-D9139FA4123B}.Release|Mixed Platforms.Build.0 = Release|Any CPU
		{6FA47D21-6B1C-40E1-AD6B-D9139FA4123B}.Release|Win32.ActiveCfg = Release|Any CPU
		{6FA47D21-6B1C-40E1-AD6B-D9139FA4123B}.Release|x64.ActiveCfg = Release|Any CPU
		{6FA47D21-6B1C-40E1-AD6B-D9139FA4123B}.Release|x86.ActiveCfg = Release|Any CPU
		{CE854091-F55D-4AD1-AA57-49CB9B60CAC0}.Debug|Any CPU.ActiveCfg = Debug|x86
		{CE854091-F55D-4AD1-AA57-49CB9B60CAC0}.Debug|Mixed Platforms.ActiveCfg = Debug|Any CPU
		{CE854091-F55D-4AD1-AA57-49CB9B60CAC0}.Debug|Mixed Platforms.Build.0 = Debug|Any CPU
		{CE854091-F55D-4AD1-AA57-49CB9B60CAC0}.Debug|Win32.ActiveCfg = Debug|Any CPU
		{CE854091-F55D-4AD1-AA57-49CB9B60CAC0}.Debug|x64.ActiveCfg = Debug|x86
		{CE854091-F55D-4AD1-AA57-49CB9B60CAC0}.Debug|x86.ActiveCfg = Debug|x86
		{CE854091-F55D-4AD1-AA57-49CB9B60CAC0}.Debug|x86.Build.0 = Debug|x86
		{CE854091-F55D-4AD1-AA57-49CB9B60CAC0}.Release|Any CPU.ActiveCfg = Release|x86
		{CE854091-F55D-4AD1-AA57-49CB9B60CAC0}.Release|Mixed Platforms.ActiveCfg = Release|Any CPU
		{CE854091-F55D-4AD1-AA57-49CB9B60CAC0}.Release|Mixed Platforms.Build.0 = Release|Any CPU
		{CE854091-F55D-4AD1-AA57-49CB9B60CAC0}.Release|Win32.ActiveCfg = Release|Any CPU
		{CE854091-F55D-4AD1-AA57-49CB9B60CAC0}.Release|x64.ActiveCfg = Release|x86
		{CE854091-F55D-4AD1-AA57-49CB9B60CAC0}.Release|x86.ActiveCfg = Release|x86
		{CE854091-F55D-4AD1-AA57-49CB9B60CAC0}.Release|x86.Build.0 = Release|x86
		{31850F14-F02B-4A7D-9779-CF583FD8F739}.Debug|Any CPU.ActiveCfg = Debug|x86
		{31850F14-F02B-4A7D-9779-CF583FD8F739}.Debug|Mixed Platforms.ActiveCfg = Debug|x64
		{31850F14-F02B-4A7D-9779-CF583FD8F739}.Debug|Mixed Platforms.Build.0 = Debug|x64
		{31850F14-F02B-4A7D-9779-CF583FD8F739}.Debug|Win32.ActiveCfg = Debug|x64
		{31850F14-F02B-4A7D-9779-CF583FD8F739}.Debug|x64.ActiveCfg = Debug|x64
		{31850F14-F02B-4A7D-9779-CF583FD8F739}.Debug|x64.Build.0 = Debug|x64
		{31850F14-F02B-4A7D-9779-CF583FD8F739}.Debug|x86.ActiveCfg = Debug|x86
		{31850F14-F02B-4A7D-9779-CF583FD8F739}.Debug|x86.Build.0 = Debug|x86
		{31850F14-F02B-4A7D-9779-CF583FD8F739}.Release|Any CPU.ActiveCfg = Release|x86
		{31850F14-F02B-4A7D-9779-CF583FD8F739}.Release|Mixed Platforms.ActiveCfg = Release|x64
		{31850F14-F02B-4A7D-9779-CF583FD8F739}.Release|Mixed Platforms.Build.0 = Release|x64
		{31850F14-F02B-4A7D-9779-CF583FD8F739}.Release|Win32.ActiveCfg = Release|x64
		{31850F14-F02B-4A7D-9779-CF583FD8F739}.Release|x64.ActiveCfg = Release|x64
		{31850F14-F02B-4A7D-9779-CF583FD8F739}.Release|x64.Build.0 = Release|x64
		{31850F14-F02B-4A7D-9779-CF583FD8F739}.Release|x86.ActiveCfg = Release|x86
		{31850F14-F02B-4A7D-9779-CF583FD8F739}.Release|x86.Build.0 = Release|x86
		{80345889-A13D-4F2D-A096-98B95C55BF45}.Debug|Any CPU.ActiveCfg = Debug|x64
		{80345889-A13D-4F2D-A096-98B95C55BF45}.Debug|Mixed Platforms.ActiveCfg = Debug|x86
		{80345889-A13D-4F2D-A096-98B95C55BF45}.Debug|Mixed Platforms.Build.0 = Debug|x86
		{80345889-A13D-4F2D-A096-98B95C55BF45}.Debug|Win32.ActiveCfg = Debug|x64
		{80345889-A13D-4F2D-A096-98B95C55BF45}.Debug|x64.ActiveCfg = Debug|x64
		{80345889-A13D-4F2D-A096-98B95C55BF45}.Debug|x64.Build.0 = Debug|x64
		{80345889-A13D-4F2D-A096-98B95C55BF45}.Debug|x86.ActiveCfg = Debug|x86
		{80345889-A13D-4F2D-A096-98B95C55BF45}.Debug|x86.Build.0 = Debug|x86
		{80345889-A13D-4F2D-A096-98B95C55BF45}.Release|Any CPU.ActiveCfg = Release|x64
		{80345889-A13D-4F2D-A096-98B95C55BF45}.Release|Mixed Platforms.ActiveCfg = Release|x86
		{80345889-A13D-4F2D-A096-98B95C55BF45}.Release|Mixed Platforms.Build.0 = Release|x86
		{80345889-A13D-4F2D-A096-98B95C55BF45}.Release|Win32.ActiveCfg = Release|x64
		{80345889-A13D-4F2D-A096-98B95C55BF45}.Release|x64.ActiveCfg = Release|x64
		{80345889-A13D-4F2D-A096-98B95C55BF45}.Release|x64.Build.0 = Release|x64
		{80345889-A13D-4F2D-A096-98B95C55BF45}.Release|x86.ActiveCfg = Release|x86
		{80345889-A13D-4F2D-A096-98B95C55BF45}.Release|x86.Build.0 = Release|x86
		{91DFAE19-098F-4E19-B81D-6CB36A9020D6}.Debug|Any CPU.ActiveCfg = Debug|Any CPU
		{91DFAE19-098F-4E19-B81D-6CB36A9020D6}.Debug|Any CPU.Build.0 = Debug|Any CPU
		{91DFAE19-098F-4E19-B81D-6CB36A9020D6}.Debug|Mixed Platforms.ActiveCfg = Debug|Any CPU
		{91DFAE19-098F-4E19-B81D-6CB36A9020D6}.Debug|Mixed Platforms.Build.0 = Debug|Any CPU
		{91DFAE19-098F-4E19-B81D-6CB36A9020D6}.Debug|Win32.ActiveCfg = Debug|Any CPU
		{91DFAE19-098F-4E19-B81D-6CB36A9020D6}.Debug|x64.ActiveCfg = Debug|Any CPU
		{91DFAE19-098F-4E19-B81D-6CB36A9020D6}.Debug|x86.ActiveCfg = Debug|Any CPU
		{91DFAE19-098F-4E19-B81D-6CB36A9020D6}.Release|Any CPU.ActiveCfg = Release|Any CPU
		{91DFAE19-098F-4E19-B81D-6CB36A9020D6}.Release|Any CPU.Build.0 = Release|Any CPU
		{91DFAE19-098F-4E19-B81D-6CB36A9020D6}.Release|Mixed Platforms.ActiveCfg = Release|Any CPU
		{91DFAE19-098F-4E19-B81D-6CB36A9020D6}.Release|Mixed Platforms.Build.0 = Release|Any CPU
		{91DFAE19-098F-4E19-B81D-6CB36A9020D6}.Release|Win32.ActiveCfg = Release|Any CPU
		{91DFAE19-098F-4E19-B81D-6CB36A9020D6}.Release|x64.ActiveCfg = Release|Any CPU
		{91DFAE19-098F-4E19-B81D-6CB36A9020D6}.Release|x86.ActiveCfg = Release|Any CPU
		{E6EACF92-F22D-47DC-8EEB-9BBC4DF1E4D5}.Debug|Any CPU.ActiveCfg = Debug|Any CPU
		{E6EACF92-F22D-47DC-8EEB-9BBC4DF1E4D5}.Debug|Any CPU.Build.0 = Debug|Any CPU
		{E6EACF92-F22D-47DC-8EEB-9BBC4DF1E4D5}.Debug|Mixed Platforms.ActiveCfg = Debug|Any CPU
		{E6EACF92-F22D-47DC-8EEB-9BBC4DF1E4D5}.Debug|Mixed Platforms.Build.0 = Debug|Any CPU
		{E6EACF92-F22D-47DC-8EEB-9BBC4DF1E4D5}.Debug|Win32.ActiveCfg = Debug|Any CPU
		{E6EACF92-F22D-47DC-8EEB-9BBC4DF1E4D5}.Debug|x64.ActiveCfg = Debug|Any CPU
		{E6EACF92-F22D-47DC-8EEB-9BBC4DF1E4D5}.Debug|x86.ActiveCfg = Debug|Any CPU
		{E6EACF92-F22D-47DC-8EEB-9BBC4DF1E4D5}.Release|Any CPU.ActiveCfg = Release|Any CPU
		{E6EACF92-F22D-47DC-8EEB-9BBC4DF1E4D5}.Release|Any CPU.Build.0 = Release|Any CPU
		{E6EACF92-F22D-47DC-8EEB-9BBC4DF1E4D5}.Release|Mixed Platforms.ActiveCfg = Release|Any CPU
		{E6EACF92-F22D-47DC-8EEB-9BBC4DF1E4D5}.Release|Mixed Platforms.Build.0 = Release|Any CPU
		{E6EACF92-F22D-47DC-8EEB-9BBC4DF1E4D5}.Release|Win32.ActiveCfg = Release|Any CPU
		{E6EACF92-F22D-47DC-8EEB-9BBC4DF1E4D5}.Release|x64.ActiveCfg = Release|Any CPU
		{E6EACF92-F22D-47DC-8EEB-9BBC4DF1E4D5}.Release|x86.ActiveCfg = Release|Any CPU
		{E9980619-4016-4A4A-B7CC-F8B0E483BDB8}.Debug|Any CPU.ActiveCfg = Debug|Win32
		{E9980619-4016-4A4A-B7CC-F8B0E483BDB8}.Debug|Mixed Platforms.ActiveCfg = Debug|Win32
		{E9980619-4016-4A4A-B7CC-F8B0E483BDB8}.Debug|Mixed Platforms.Build.0 = Debug|Win32
		{E9980619-4016-4A4A-B7CC-F8B0E483BDB8}.Debug|Win32.ActiveCfg = Debug|Win32
		{E9980619-4016-4A4A-B7CC-F8B0E483BDB8}.Debug|Win32.Build.0 = Debug|Win32
		{E9980619-4016-4A4A-B7CC-F8B0E483BDB8}.Debug|x64.ActiveCfg = Debug|x64
		{E9980619-4016-4A4A-B7CC-F8B0E483BDB8}.Debug|x64.Build.0 = Debug|x64
		{E9980619-4016-4A4A-B7CC-F8B0E483BDB8}.Debug|x86.ActiveCfg = Debug|Win32
		{E9980619-4016-4A4A-B7CC-F8B0E483BDB8}.Debug|x86.Build.0 = Debug|Win32
		{E9980619-4016-4A4A-B7CC-F8B0E483BDB8}.Release|Any CPU.ActiveCfg = Release|Win32
		{E9980619-4016-4A4A-B7CC-F8B0E483BDB8}.Release|Mixed Platforms.ActiveCfg = Release|Win32
		{E9980619-4016-4A4A-B7CC-F8B0E483BDB8}.Release|Mixed Platforms.Build.0 = Release|Win32
		{E9980619-4016-4A4A-B7CC-F8B0E483BDB8}.Release|Win32.ActiveCfg = Release|Win32
		{E9980619-4016-4A4A-B7CC-F8B0E483BDB8}.Release|Win32.Build.0 = Release|Win32
		{E9980619-4016-4A4A-B7CC-F8B0E483BDB8}.Release|x64.ActiveCfg = Release|x64
		{E9980619-4016-4A4A-B7CC-F8B0E483BDB8}.Release|x64.Build.0 = Release|x64
		{E9980619-4016-4A4A-B7CC-F8B0E483BDB8}.Release|x86.ActiveCfg = Release|Win32
		{E9980619-4016-4A4A-B7CC-F8B0E483BDB8}.Release|x86.Build.0 = Release|Win32
		{E9980619-4016-4A4A-B7CC-F8B0E483BDB9}.Debug|Any CPU.ActiveCfg = Debug|Win32
		{E9980619-4016-4A4A-B7CC-F8B0E483BDB9}.Debug|Mixed Platforms.ActiveCfg = Debug|x64
		{E9980619-4016-4A4A-B7CC-F8B0E483BDB9}.Debug|Mixed Platforms.Build.0 = Debug|x64
		{E9980619-4016-4A4A-B7CC-F8B0E483BDB9}.Debug|Win32.ActiveCfg = Debug|Win32
		{E9980619-4016-4A4A-B7CC-F8B0E483BDB9}.Debug|Win32.Build.0 = Debug|Win32
		{E9980619-4016-4A4A-B7CC-F8B0E483BDB9}.Debug|x64.ActiveCfg = Debug|x64
		{E9980619-4016-4A4A-B7CC-F8B0E483BDB9}.Debug|x64.Build.0 = Debug|x64
		{E9980619-4016-4A4A-B7CC-F8B0E483BDB9}.Debug|x86.ActiveCfg = Debug|Win32
		{E9980619-4016-4A4A-B7CC-F8B0E483BDB9}.Debug|x86.Build.0 = Debug|Win32
		{E9980619-4016-4A4A-B7CC-F8B0E483BDB9}.Release|Any CPU.ActiveCfg = Release|Win32
		{E9980619-4016-4A4A-B7CC-F8B0E483BDB9}.Release|Mixed Platforms.ActiveCfg = Release|x64
		{E9980619-4016-4A4A-B7CC-F8B0E483BDB9}.Release|Mixed Platforms.Build.0 = Release|x64
		{E9980619-4016-4A4A-B7CC-F8B0E483BDB9}.Release|Win32.ActiveCfg = Release|Win32
		{E9980619-4016-4A4A-B7CC-F8B0E483BDB9}.Release|Win32.Build.0 = Release|Win32
		{E9980619-4016-4A4A-B7CC-F8B0E483BDB9}.Release|x64.ActiveCfg = Release|x64
		{E9980619-4016-4A4A-B7CC-F8B0E483BDB9}.Release|x64.Build.0 = Release|x64
		{E9980619-4016-4A4A-B7CC-F8B0E483BDB9}.Release|x86.ActiveCfg = Release|Win32
		{E9980619-4016-4A4A-B7CC-F8B0E483BDB9}.Release|x86.Build.0 = Release|Win32
		{C42873F2-D4A5-4AC7-9ADB-9CD8E1856A9B}.Debug|Any CPU.ActiveCfg = Debug|Any CPU
		{C42873F2-D4A5-4AC7-9ADB-9CD8E1856A9B}.Debug|Any CPU.Build.0 = Debug|Any CPU
		{C42873F2-D4A5-4AC7-9ADB-9CD8E1856A9B}.Debug|Mixed Platforms.ActiveCfg = Debug|Any CPU
		{C42873F2-D4A5-4AC7-9ADB-9CD8E1856A9B}.Debug|Mixed Platforms.Build.0 = Debug|Any CPU
		{C42873F2-D4A5-4AC7-9ADB-9CD8E1856A9B}.Debug|Win32.ActiveCfg = Debug|Any CPU
		{C42873F2-D4A5-4AC7-9ADB-9CD8E1856A9B}.Debug|Win32.Build.0 = Debug|Any CPU
		{C42873F2-D4A5-4AC7-9ADB-9CD8E1856A9B}.Debug|x64.ActiveCfg = Debug|Any CPU
		{C42873F2-D4A5-4AC7-9ADB-9CD8E1856A9B}.Debug|x64.Build.0 = Debug|Any CPU
		{C42873F2-D4A5-4AC7-9ADB-9CD8E1856A9B}.Debug|x86.ActiveCfg = Debug|Any CPU
		{C42873F2-D4A5-4AC7-9ADB-9CD8E1856A9B}.Debug|x86.Build.0 = Debug|Any CPU
		{C42873F2-D4A5-4AC7-9ADB-9CD8E1856A9B}.Release|Any CPU.ActiveCfg = Release|Any CPU
		{C42873F2-D4A5-4AC7-9ADB-9CD8E1856A9B}.Release|Any CPU.Build.0 = Release|Any CPU
		{C42873F2-D4A5-4AC7-9ADB-9CD8E1856A9B}.Release|Mixed Platforms.ActiveCfg = Release|Any CPU
		{C42873F2-D4A5-4AC7-9ADB-9CD8E1856A9B}.Release|Mixed Platforms.Build.0 = Release|Any CPU
		{C42873F2-D4A5-4AC7-9ADB-9CD8E1856A9B}.Release|Win32.ActiveCfg = Release|Any CPU
		{C42873F2-D4A5-4AC7-9ADB-9CD8E1856A9B}.Release|Win32.Build.0 = Release|Any CPU
		{C42873F2-D4A5-4AC7-9ADB-9CD8E1856A9B}.Release|x64.ActiveCfg = Release|Any CPU
		{C42873F2-D4A5-4AC7-9ADB-9CD8E1856A9B}.Release|x64.Build.0 = Release|Any CPU
		{C42873F2-D4A5-4AC7-9ADB-9CD8E1856A9B}.Release|x86.ActiveCfg = Release|Any CPU
		{C42873F2-D4A5-4AC7-9ADB-9CD8E1856A9B}.Release|x86.Build.0 = Release|Any CPU
		{B9384E1B-54B5-4A41-85BD-EBAD0577BDCD}.Debug|Any CPU.ActiveCfg = Debug|Any CPU
		{B9384E1B-54B5-4A41-85BD-EBAD0577BDCD}.Debug|Any CPU.Build.0 = Debug|Any CPU
		{B9384E1B-54B5-4A41-85BD-EBAD0577BDCD}.Debug|Mixed Platforms.ActiveCfg = Debug|Any CPU
		{B9384E1B-54B5-4A41-85BD-EBAD0577BDCD}.Debug|Mixed Platforms.Build.0 = Debug|Any CPU
		{B9384E1B-54B5-4A41-85BD-EBAD0577BDCD}.Debug|Win32.ActiveCfg = Debug|Any CPU
		{B9384E1B-54B5-4A41-85BD-EBAD0577BDCD}.Debug|Win32.Build.0 = Debug|Any CPU
		{B9384E1B-54B5-4A41-85BD-EBAD0577BDCD}.Debug|x64.ActiveCfg = Debug|Any CPU
		{B9384E1B-54B5-4A41-85BD-EBAD0577BDCD}.Debug|x64.Build.0 = Debug|Any CPU
		{B9384E1B-54B5-4A41-85BD-EBAD0577BDCD}.Debug|x86.ActiveCfg = Debug|Any CPU
		{B9384E1B-54B5-4A41-85BD-EBAD0577BDCD}.Debug|x86.Build.0 = Debug|Any CPU
		{B9384E1B-54B5-4A41-85BD-EBAD0577BDCD}.Release|Any CPU.ActiveCfg = Release|Any CPU
		{B9384E1B-54B5-4A41-85BD-EBAD0577BDCD}.Release|Any CPU.Build.0 = Release|Any CPU
		{B9384E1B-54B5-4A41-85BD-EBAD0577BDCD}.Release|Mixed Platforms.ActiveCfg = Release|Any CPU
		{B9384E1B-54B5-4A41-85BD-EBAD0577BDCD}.Release|Mixed Platforms.Build.0 = Release|Any CPU
		{B9384E1B-54B5-4A41-85BD-EBAD0577BDCD}.Release|Win32.ActiveCfg = Release|Any CPU
		{B9384E1B-54B5-4A41-85BD-EBAD0577BDCD}.Release|Win32.Build.0 = Release|Any CPU
		{B9384E1B-54B5-4A41-85BD-EBAD0577BDCD}.Release|x64.ActiveCfg = Release|Any CPU
		{B9384E1B-54B5-4A41-85BD-EBAD0577BDCD}.Release|x64.Build.0 = Release|Any CPU
		{B9384E1B-54B5-4A41-85BD-EBAD0577BDCD}.Release|x86.ActiveCfg = Release|Any CPU
		{B9384E1B-54B5-4A41-85BD-EBAD0577BDCD}.Release|x86.Build.0 = Release|Any CPU
	EndGlobalSection
	GlobalSection(SolutionProperties) = preSolution
		HideSolutionNode = FALSE
	EndGlobalSection
	GlobalSection(TestCaseManagementSettings) = postSolution
		CategoryFile = PerfView2.vsmdi
	EndGlobalSection
EndGlobal
