
Microsoft Visual Studio Solution File, Format Version 12.00
# Visual Studio 2013
VisualStudioVersion = 12.0.21005.1
MinimumVisualStudioVersion = 10.0.40219.1
Project("{FAE04EC0-301F-11D3-BF4B-00C04F79EFBC}") = "EtwHeapDump", "EtwHeapDump.csproj", "{1F2635F5-FD7E-4C06-B23C-A93E97389FDF}"
EndProject
Project("{FAE04EC0-301F-11D3-BF4B-00C04F79EFBC}") = "FastSerialization", "..\FastSerialization\FastSerialization.csproj", "{E6EACF92-F22D-47DC-8EEB-9BBC4DF1E4D5}"
EndProject
Project("{FAE04EC0-301F-11D3-BF4B-00C04F79EFBC}") = "MemoryGraph", "..\MemoryGraph\MemoryGraph.csproj", "{F1032B5C-568A-4BAD-B253-1B4548389063}"
EndProject
Project("{FAE04EC0-301F-11D3-BF4B-00C04F79EFBC}") = "Utilities", "..\Utilities\Utilities.csproj", "{E32C9FC3-8524-4511-8ACB-235AC136DC22}"
EndProject
Project("{FAE04EC0-301F-11D3-BF4B-00C04F79EFBC}") = "TraceEvent", "..\traceEvent\TraceEvent.csproj", "{B68F4968-A7CF-41CC-AD6E-373DB5E67944}"
EndProject
Global
	GlobalSection(TeamFoundationVersionControl) = preSolution
		SccNumberOfProjects = 5
		SccEnterpriseProvider = {4CA58AB2-18FA-4F8D-95D4-32DDF27D184C}
		SccTeamFoundationServer = http://vstfdevdiv.redmond.corp.microsoft.com:8080/devdiv2
		SccProjectUniqueName0 = ..\\FastSerialization\\FastSerialization.csproj
		SccProjectName0 = ../FastSerialization
		SccAuxPath0 = http://vstfdevdiv.redmond.corp.microsoft.com:8080/devdiv2
		SccLocalPath0 = ..\\FastSerialization
		SccProvider0 = {4CA58AB2-18FA-4F8D-95D4-32DDF27D184C}
		SccProjectUniqueName1 = ..\\MemoryGraph\\MemoryGraph.csproj
		SccProjectName1 = ../MemoryGraph
		SccAuxPath1 = http://vstfdevdiv.redmond.corp.microsoft.com:8080/devdiv2
		SccLocalPath1 = ..\\MemoryGraph
		SccProvider1 = {4CA58AB2-18FA-4F8D-95D4-32DDF27D184C}
		SccProjectUniqueName2 = EtwHeapDump.csproj
		SccProjectName2 = .
		SccAuxPath2 = http://vstfdevdiv.redmond.corp.microsoft.com:8080/devdiv2
		SccLocalPath2 = .
		SccProvider2 = {4CA58AB2-18FA-4F8D-95D4-32DDF27D184C}
		SccProjectUniqueName3 = ..\\Utilities\\Utilities.csproj
		SccProjectName3 = ../Utilities
		SccAuxPath3 = http://vstfdevdiv.redmond.corp.microsoft.com:8080/devdiv2
		SccLocalPath3 = ..\\Utilities
		SccProvider3 = {4CA58AB2-18FA-4F8D-95D4-32DDF27D184C}
		SccProjectUniqueName4 = ..\\traceEvent\\TraceEvent.csproj
		SccProjectName4 = ../traceEvent
		SccAuxPath4 = http://vstfdevdiv.redmond.corp.microsoft.com:8080/devdiv2
		SccLocalPath4 = ..\\traceEvent
		SccProvider4 = {4CA58AB2-18FA-4F8D-95D4-32DDF27D184C}
	EndGlobalSection
	GlobalSection(SolutionConfigurationPlatforms) = preSolution
		Debug|Any CPU = Debug|Any CPU
		Debug|x86 = Debug|x86
		Release|Any CPU = Release|Any CPU
		Release|x86 = Release|x86
	EndGlobalSection
	GlobalSection(ProjectConfigurationPlatforms) = postSolution
		{1F2635F5-FD7E-4C06-B23C-A93E97389FDF}.Debug|Any CPU.ActiveCfg = Debug|Any CPU
		{1F2635F5-FD7E-4C06-B23C-A93E97389FDF}.Debug|Any CPU.Build.0 = Debug|Any CPU
		{1F2635F5-FD7E-4C06-B23C-A93E97389FDF}.Debug|x86.ActiveCfg = Debug|Any CPU
		{1F2635F5-FD7E-4C06-B23C-A93E97389FDF}.Release|Any CPU.ActiveCfg = Release|Any CPU
		{1F2635F5-FD7E-4C06-B23C-A93E97389FDF}.Release|Any CPU.Build.0 = Release|Any CPU
		{1F2635F5-FD7E-4C06-B23C-A93E97389FDF}.Release|x86.ActiveCfg = Release|Any CPU
		{E6EACF92-F22D-47DC-8EEB-9BBC4DF1E4D5}.Debug|Any CPU.ActiveCfg = Debug|Any CPU
		{E6EACF92-F22D-47DC-8EEB-9BBC4DF1E4D5}.Debug|Any CPU.Build.0 = Debug|Any CPU
		{E6EACF92-F22D-47DC-8EEB-9BBC4DF1E4D5}.Debug|x86.ActiveCfg = Debug|Any CPU
		{E6EACF92-F22D-47DC-8EEB-9BBC4DF1E4D5}.Release|Any CPU.ActiveCfg = Release|Any CPU
		{E6EACF92-F22D-47DC-8EEB-9BBC4DF1E4D5}.Release|Any CPU.Build.0 = Release|Any CPU
		{E6EACF92-F22D-47DC-8EEB-9BBC4DF1E4D5}.Release|x86.ActiveCfg = Release|Any CPU
		{F1032B5C-568A-4BAD-B253-1B4548389063}.Debug|Any CPU.ActiveCfg = Debug|Any CPU
		{F1032B5C-568A-4BAD-B253-1B4548389063}.Debug|Any CPU.Build.0 = Debug|Any CPU
		{F1032B5C-568A-4BAD-B253-1B4548389063}.Debug|x86.ActiveCfg = Debug|Any CPU
		{F1032B5C-568A-4BAD-B253-1B4548389063}.Release|Any CPU.ActiveCfg = Release|Any CPU
		{F1032B5C-568A-4BAD-B253-1B4548389063}.Release|Any CPU.Build.0 = Release|Any CPU
		{F1032B5C-568A-4BAD-B253-1B4548389063}.Release|x86.ActiveCfg = Release|Any CPU
		{E32C9FC3-8524-4511-8ACB-235AC136DC22}.Debug|Any CPU.ActiveCfg = Debug|Any CPU
		{E32C9FC3-8524-4511-8ACB-235AC136DC22}.Debug|Any CPU.Build.0 = Debug|Any CPU
		{E32C9FC3-8524-4511-8ACB-235AC136DC22}.Debug|x86.ActiveCfg = Debug|Any CPU
		{E32C9FC3-8524-4511-8ACB-235AC136DC22}.Release|Any CPU.ActiveCfg = Release|Any CPU
		{E32C9FC3-8524-4511-8ACB-235AC136DC22}.Release|Any CPU.Build.0 = Release|Any CPU
		{E32C9FC3-8524-4511-8ACB-235AC136DC22}.Release|x86.ActiveCfg = Release|Any CPU
		{B68F4968-A7CF-41CC-AD6E-373DB5E67944}.Debug|Any CPU.ActiveCfg = Debug|Any CPU
		{B68F4968-A7CF-41CC-AD6E-373DB5E67944}.Debug|Any CPU.Build.0 = Debug|Any CPU
		{B68F4968-A7CF-41CC-AD6E-373DB5E67944}.Debug|x86.ActiveCfg = Debug|x86
		{B68F4968-A7CF-41CC-AD6E-373DB5E67944}.Debug|x86.Build.0 = Debug|x86
		{B68F4968-A7CF-41CC-AD6E-373DB5E67944}.Release|Any CPU.ActiveCfg = Release|Any CPU
		{B68F4968-A7CF-41CC-AD6E-373DB5E67944}.Release|Any CPU.Build.0 = Release|Any CPU
		{B68F4968-A7CF-41CC-AD6E-373DB5E67944}.Release|x86.ActiveCfg = Release|x86
		{B68F4968-A7CF-41CC-AD6E-373DB5E67944}.Release|x86.Build.0 = Release|x86
	EndGlobalSection
	GlobalSection(SolutionProperties) = preSolution
		HideSolutionNode = FALSE
	EndGlobalSection
EndGlobal
