
Microsoft Visual Studio Solution File, Format Version 12.00
# Visual Studio 14
VisualStudioVersion = 14.0.25123.0
MinimumVisualStudioVersion = 10.0.40219.1
Project("{8BB2217D-0F2D-49D1-97BC-3654ED321F3B}") = "PerfViewService", "PerfViewService\PerfViewService.xproj", "{3A0A3256-F32A-4BA5-B3D5-E7D888629ECF}"
EndProject
Global
	GlobalSection(SolutionConfigurationPlatforms) = preSolution
		Debug|Any CPU = Debug|Any CPU
		Release|Any CPU = Release|Any CPU
	EndGlobalSection
	GlobalSection(ProjectConfigurationPlatforms) = postSolution
		{3A0A3256-F32A-4BA5-B3D5-E7D888629ECF}.Debug|Any CPU.ActiveCfg = Debug|Any CPU
		{3A0A3256-F32A-4BA5-B3D5-E7D888629ECF}.Debug|Any CPU.Build.0 = Debug|Any CPU
		{3A0A3256-F32A-4BA5-B3D5-E7D888629ECF}.Release|Any CPU.ActiveCfg = Release|Any CPU
		{3A0A3256-F32A-4BA5-B3D5-E7D888629ECF}.Release|Any CPU.Build.0 = Release|Any CPU
	EndGlobalSection
	GlobalSection(SolutionProperties) = preSolution
		HideSolutionNode = FALSE
	EndGlobalSection
EndGlobal
